
Microsoft Visual Studio Solution File, Format Version 12.00
# Visual Studio Version 17
VisualStudioVersion = 17.9.34407.89
MinimumVisualStudioVersion = 10.0.40219.1
Project("{FAE04EC0-301F-11D3-BF4B-00C04F79EFBC}") = "Fav.FinancialManager", "Fav.FinancialManager\Fav.FinancialManager.csproj", "{B43519FD-5B5A-4029-91E8-7F0E962DAAA4}"
EndProject
Global
	GlobalSection(SolutionConfigurationPlatforms) = preSolution
		Debug|Any CPU = Debug|Any CPU
		Release|Any CPU = Release|Any CPU
	EndGlobalSection
	GlobalSection(ProjectConfigurationPlatforms) = postSolution
		{B43519FD-5B5A-4029-91E8-7F0E962DAAA4}.Debug|Any CPU.ActiveCfg = Debug|Any CPU
		{B43519FD-5B5A-4029-91E8-7F0E962DAAA4}.Debug|Any CPU.Build.0 = Debug|Any CPU
		{B43519FD-5B5A-4029-91E8-7F0E962DAAA4}.Debug|Any CPU.Deploy.0 = Debug|Any CPU
		{B43519FD-5B5A-4029-91E8-7F0E962DAAA4}.Release|Any CPU.ActiveCfg = Release|Any CPU
		{B43519FD-5B5A-4029-91E8-7F0E962DAAA4}.Release|Any CPU.Build.0 = Release|Any CPU
		{B43519FD-5B5A-4029-91E8-7F0E962DAAA4}.Release|Any CPU.Deploy.0 = Release|Any CPU
	EndGlobalSection
	GlobalSection(SolutionProperties) = preSolution
		HideSolutionNode = FALSE
	EndGlobalSection
	GlobalSection(ExtensibilityGlobals) = postSolution
		SolutionGuid = {7DD45F5A-D940-4C8D-888E-D089CE721A86}
	EndGlobalSection
EndGlobal
